
Microsoft Visual Studio Solution File, Format Version 12.00
# Visual Studio Version 17
VisualStudioVersion = 17.13.35825.156 d17.13
MinimumVisualStudioVersion = 10.0.40219.1
Project("{FAE04EC0-301F-11D3-BF4B-00C04F79EFBC}") = "CLSIDLister", "CLSIDLister\CLSIDLister.csproj", "{EF8458C3-B7FF-4EA4-987B-C6340B4A9E7C}"
EndProject
Global
	GlobalSection(SolutionConfigurationPlatforms) = preSolution
		Debug|Any CPU = Debug|Any CPU
		Release|Any CPU = Release|Any CPU
	EndGlobalSection
	GlobalSection(ProjectConfigurationPlatforms) = postSolution
		{EF8458C3-B7FF-4EA4-987B-C6340B4A9E7C}.Debug|Any CPU.ActiveCfg = Debug|Any CPU
		{EF8458C3-B7FF-4EA4-987B-C6340B4A9E7C}.Debug|Any CPU.Build.0 = Debug|Any CPU
		{EF8458C3-B7FF-4EA4-987B-C6340B4A9E7C}.Release|Any CPU.ActiveCfg = Release|Any CPU
		{EF8458C3-B7FF-4EA4-987B-C6340B4A9E7C}.Release|Any CPU.Build.0 = Release|Any CPU
	EndGlobalSection
	GlobalSection(SolutionProperties) = preSolution
		HideSolutionNode = FALSE
	EndGlobalSection
	GlobalSection(ExtensibilityGlobals) = postSolution
		SolutionGuid = {0BD81889-EE68-413F-A3A2-B7AE78E5633F}
	EndGlobalSection
EndGlobal
